{
  "version": "5",
  "remote": {
    "https://deno.land/std@0.119.0/_util/assert.ts": "2f868145a042a11d5ad0a3c748dcf580add8a0dbc0e876eaa0026303a5488f58",
    "https://deno.land/std@0.119.0/_util/os.ts": "dfb186cc4e968c770ab6cc3288bd65f4871be03b93beecae57d657232ecffcac",
    "https://deno.land/std@0.119.0/async/deadline.ts": "1d6ac7aeaee22f75eb86e4e105d6161118aad7b41ae2dd14f4cfd3bf97472b93",
    "https://deno.land/std@0.119.0/async/debounce.ts": "b2f693e4baa16b62793fd618de6c003b63228db50ecfe3bd51fc5f6dc0bc264b",
    "https://deno.land/std@0.119.0/async/deferred.ts": "ab60d46ba561abb3b13c0c8085d05797a384b9f182935f051dc67136817acdee",
    "https://deno.land/std@0.119.0/async/delay.ts": "f2d8ccaa8ebc26594bd8b0989edfd8a96257a714c1dee2fb54d986e5bdd840ac",
    "https://deno.land/std@0.119.0/async/mod.ts": "78425176fabea7bd1046ce3819fd69ce40da85c83e0f174d17e8e224a91f7d10",
    "https://deno.land/std@0.119.0/async/mux_async_iterator.ts": "62abff3af9ff619e8f2adc96fc70d4ca020fa48a50c23c13f12d02ed2b760dbe",
    "https://deno.land/std@0.119.0/async/pool.ts": "353ce4f91865da203a097aa6f33de8966340c91b6f4a055611c8c5d534afd12f",
    "https://deno.land/std@0.119.0/async/tee.ts": "3e9f2ef6b36e55188de16a667c702ace4ad0cf84e3720379160e062bf27348ad",
    "https://deno.land/std@0.119.0/bytes/bytes_list.ts": "3bff6a09c72b2e0b1e92e29bd3b135053894196cca07a2bba842901073efe5cb",
    "https://deno.land/std@0.119.0/bytes/equals.ts": "69f55fdbd45c71f920c1a621e6c0865dc780cd8ae34e0f5e55a9497b70c31c1b",
    "https://deno.land/std@0.119.0/bytes/mod.ts": "fedb80b8da2e7ad8dd251148e65f92a04c73d6c5a430b7d197dc39588c8dda6f",
    "https://deno.land/std@0.119.0/encoding/base64.ts": "0b58bd6477214838bf711eef43eac21e47ba9e5c81b2ce185fe25d9ecab3ebb3",
    "https://deno.land/std@0.119.0/encoding/base64url.ts": "a5c3f71c99a397f9c6da7701e7cae4c031700ae180ba68a0fc9ff9baca71e4ac",
    "https://deno.land/std@0.119.0/fmt/colors.ts": "8368ddf2d48dfe413ffd04cdbb7ae6a1009cf0dccc9c7ff1d76259d9c61a0621",
    "https://deno.land/std@0.119.0/fmt/printf.ts": "419510e0a3f7c8d680fbf6472d5a11e372854f1c2b32fca5fdb513575c485068",
    "https://deno.land/std@0.119.0/io/buffer.ts": "8f10342821b81990acf859cdccb4e4031c7c9187a0ffc3ed6b356ee29ecc6681",
    "https://deno.land/std@0.119.0/node/_buffer.js": "a43c35f89ef15c2107cba863d2cd0bd573e829a2a3b80167033da9b96066ce51",
    "https://deno.land/std@0.119.0/node/_core.ts": "8b105f152c9f8990f7558b0a0a514d4f3ab90a85c09ca60e489ca92ed5271f75",
    "https://deno.land/std@0.119.0/node/_errors.ts": "bf047995427fc15a27a182ee13021e94315fa758c1cc7c3576374876ab9f952a",
    "https://deno.land/std@0.119.0/node/_fixed_queue.ts": "ac68975e5663ea9cf2e465e91a7600fa3d5dc1a2f556cf80fd1ee25b37dbcedf",
    "https://deno.land/std@0.119.0/node/_next_tick.ts": "9b0bde39bfad9774be73b0fe9e77df757e147e2fc04784d51fe777d36d142260",
    "https://deno.land/std@0.119.0/node/_process/process.ts": "828b67fa5858e30901e11a84968b2732057cd0bea34afcf49f617498040e7dbe",
    "https://deno.land/std@0.119.0/node/_util/_debuglog.ts": "b46f7b640bad2afb8adf2b3560e6969071f9de0721dcec9e3530465ab5ec6c40",
    "https://deno.land/std@0.119.0/node/_util/_util_callbackify.ts": "a89ade5b5d989f9eb9261cd8179a5f8a1579c6a898549fab304200a85ee520b0",
    "https://deno.land/std@0.119.0/node/_util/_util_promisify.ts": "6d8d88fd81763f1074c84f4494484f9dd86182dfe46b63fe5aadd6448b767896",
    "https://deno.land/std@0.119.0/node/_utils.ts": "42e5b28e1740ba0be9b4ace2c9adb95317d9cadb099418c51ed34cd6a301cae3",
    "https://deno.land/std@0.119.0/node/buffer.ts": "cf37645cd1fc08f1afa02532dc6682cefd8cabbf44812aa9a4916e79bdd1cd11",
    "https://deno.land/std@0.119.0/node/internal/buffer.js": "21f4bfea78679e18bfebeb1d9ece1a94d337d282a2a68d43ab5ff655c2d33e56",
    "https://deno.land/std@0.119.0/node/internal/idna.ts": "6d7cce3e569fd1d9e558d63ab522700e57b998597196a4746436a62f3f8b1c7f",
    "https://deno.land/std@0.119.0/node/internal/querystring.ts": "1fdee1158205dd220c3711cce2e994bd0848abc7518d245856d142b08a266a07",
    "https://deno.land/std@0.119.0/node/internal/util.js": "11ef4e4724a4d40f1f5ed4a54e42cee3c3af0f75dcea33ac063747a6e3b9a582",
    "https://deno.land/std@0.119.0/node/internal/util/comparisons.ts": "9e6979948221ee00a105355d8a9afe47fa059a331351cbb2e11fa8e2f50749d4",
    "https://deno.land/std@0.119.0/node/internal/util/inspect.js": "2b50eb7e8b1d5a73a933f56a361262cf2f23429a8e1ca6ee47db04229bf12208",
    "https://deno.land/std@0.119.0/node/internal/util/types.ts": "31745332605771b59701baebf1655f389202b10bb787afb78e66c92486bc0332",
    "https://deno.land/std@0.119.0/node/internal/validators.js": "16b58d8ac8505897422d4ad273652a8cb36c470f470df9677700cc3b78c24c19",
    "https://deno.land/std@0.119.0/node/internal_binding/_libuv_winerror.ts": "689b8fa52dafb7a1b55f3ffceca5905f77fb2720a8b9f77c921cd598e3ef3757",
    "https://deno.land/std@0.119.0/node/internal_binding/_node.ts": "c257e872993334cfab1eaab8212d422b24f7388281f73c7bbdd9bbf1bb2a7841",
    "https://deno.land/std@0.119.0/node/internal_binding/_utils.ts": "ee6830db046e829b5c4d6df1de21f1a3d6464469a2fe303b32bc44bb171c2eeb",
    "https://deno.land/std@0.119.0/node/internal_binding/_winerror.ts": "27e4a7d78ae31e7b07faafd25fe46fa367271aec0a49f3be067f7ec160396a38",
    "https://deno.land/std@0.119.0/node/internal_binding/buffer.ts": "f92daf02083bdaf0006a06fa1f26a26436f4b7b0c5d000aff7d01da3d1aa42a5",
    "https://deno.land/std@0.119.0/node/internal_binding/constants.ts": "91c9274c8891f93262032129348b25f170162cb126dc424ec7ce8a2172812657",
    "https://deno.land/std@0.119.0/node/internal_binding/string_decoder.ts": "6aca87fb018705e34c39d6f67d610b14c8ca04a47ca58f0d1fc8d5f9281e6b7b",
    "https://deno.land/std@0.119.0/node/internal_binding/types.ts": "80621e22989a1431068bc3b7f59cab3afb42cfb4d4cd273e61fa2d11ab3abab6",
    "https://deno.land/std@0.119.0/node/internal_binding/util.ts": "446b4d704f4d588df98db9c6f9c7465c08a23f20f781ba55bcc246fb260012af",
    "https://deno.land/std@0.119.0/node/internal_binding/uv.ts": "3b722cd20508d54e4d790c825b23510a5fa4313ad42bfb8904704a738df32325",
    "https://deno.land/std@0.119.0/node/path.ts": "86b262d6957fba13d4f3d58a92ced49de4f40169d06542326b5547ff97257f0d",
    "https://deno.land/std@0.119.0/node/querystring.ts": "4f436efdd97659fe567c00f1cff233d4f5b67002ef388951db052dfe7c3de114",
    "https://deno.land/std@0.119.0/node/string_decoder.ts": "e97d4988a3490fd572fc23e64b3a33dabc4ac76c1fb82665f34dc8956d57a658",
    "https://deno.land/std@0.119.0/node/url.ts": "c58bd8adfde3833026c1c3c8f55cd14e37f9f1e4dd6b7b99c5feb4ace710e9b4",
    "https://deno.land/std@0.119.0/node/util.ts": "3be88d5d1c908f279bf7fecd77ff3933e048aa50205029fdd69280f67aea5901",
    "https://deno.land/std@0.119.0/path/_constants.ts": "1247fee4a79b70c89f23499691ef169b41b6ccf01887a0abd131009c5581b853",
    "https://deno.land/std@0.119.0/path/_interface.ts": "1fa73b02aaa24867e481a48492b44f2598cd9dfa513c7b34001437007d3642e4",
    "https://deno.land/std@0.119.0/path/_util.ts": "2e06a3b9e79beaf62687196bd4b60a4c391d862cfa007a20fc3a39f778ba073b",
    "https://deno.land/std@0.119.0/path/common.ts": "f41a38a0719a1e85aa11c6ba3bea5e37c15dd009d705bd8873f94c833568cbc4",
    "https://deno.land/std@0.119.0/path/glob.ts": "ea87985765b977cc284b92771003b2070c440e0807c90e1eb0ff3e095911a820",
    "https://deno.land/std@0.119.0/path/mod.ts": "4465dc494f271b02569edbb4a18d727063b5dbd6ed84283ff906260970a15d12",
    "https://deno.land/std@0.119.0/path/posix.ts": "34349174b9cd121625a2810837a82dd8b986bbaaad5ade690d1de75bbb4555b2",
    "https://deno.land/std@0.119.0/path/separator.ts": "8fdcf289b1b76fd726a508f57d3370ca029ae6976fcde5044007f062e643ff1c",
    "https://deno.land/std@0.119.0/path/win32.ts": "11549e8c6df8307a8efcfa47ad7b2a75da743eac7d4c89c9723a944661c8bd2e",
    "https://deno.land/std@0.119.0/streams/conversion.ts": "7ff9af42540063fa72003ab31a377ba9dde8532d43b16329b933c37a6d7aac5f",
    "https://deno.land/std@0.119.0/testing/_diff.ts": "e6a10d2aca8d6c27a9c5b8a2dbbf64353874730af539707b5b39d4128140642d",
    "https://deno.land/std@0.119.0/testing/asserts.ts": "e8bd3ff280731e2d2b48c67d6ed97ce2c0b717601ccb38816aff89edce71680d",
    "https://deno.land/std@0.157.0/_util/assert.ts": "e94f2eb37cebd7f199952e242c77654e43333c1ac4c5c700e929ea3aa5489f74",
    "https://deno.land/std@0.157.0/bytes/bytes_list.ts": "aba5e2369e77d426b10af1de0dcc4531acecec27f9b9056f4f7bfbf8ac147ab4",
    "https://deno.land/std@0.157.0/bytes/equals.ts": "3c3558c3ae85526f84510aa2b48ab2ad7bdd899e2e0f5b7a8ffc85acb3a6043a",
    "https://deno.land/std@0.157.0/bytes/mod.ts": "763f97d33051cc3f28af1a688dfe2830841192a9fea0cbaa55f927b49d49d0bf",
    "https://deno.land/std@0.157.0/io/buffer.ts": "fae02290f52301c4e0188670e730cd902f9307fb732d79c4aa14ebdc82497289",
    "https://deno.land/std@0.157.0/streams/conversion.ts": "fc4eb76a14148c43f0b85e903a5a1526391aa40ed9434dc21e34f88304eb823e",
    "https://deno.land/x/neo4j_driver_lite@5.14.0/bolt-connection/bolt/bolt-protocol-util.js": "8bdd3c69b1b3e1b12058d919f58625326ffc5fb44f879684a9c35181915e3bf1",
    "https://deno.land/x/neo4j_driver_lite@5.14.0/bolt-connection/bolt/bolt-protocol-v1.js": "ce07e0ce9f9ae0b24e0262020e4d760030c88abee9c817c37b1277762efb5cd9",
    "https://deno.land/x/neo4j_driver_lite@5.14.0/bolt-connection/bolt/bolt-protocol-v1.transformer.js": "dc365045e09b68dcb187f235e2e7cd606faa3cf0514955c0f5ed87916c153016",
    "https://deno.land/x/neo4j_driver_lite@5.14.0/bolt-connection/bolt/bolt-protocol-v2.js": "010b5b47bd702606a4004218c5ebb83715a3645f9a45125cf84bdd289880027f",
    "https://deno.land/x/neo4j_driver_lite@5.14.0/bolt-connection/bolt/bolt-protocol-v2.transformer.js": "70e9c505ae0da42c251f2cc4d1dd263f0fdc52a355866c75676e56c92f37bb42",
    "https://deno.land/x/neo4j_driver_lite@5.14.0/bolt-connection/bolt/bolt-protocol-v3.js": "14e9264ebd879d92397c2c62de671a6a71cb69b6fc3cd670eefb9cd16ecef15f",
    "https://deno.land/x/neo4j_driver_lite@5.14.0/bolt-connection/bolt/bolt-protocol-v3.transformer.js": "f156633bb2f4b0017db4de1c98ee404db65974b185883eeb8b5bdfc3e8bb2bb5",
    "https://deno.land/x/neo4j_driver_lite@5.14.0/bolt-connection/bolt/bolt-protocol-v4x0.js": "6669fcb928143d278eb2280b666896f73bcbe9cd05b3a7b608e49d998caf8952",
    "https://deno.land/x/neo4j_driver_lite@5.14.0/bolt-connection/bolt/bolt-protocol-v4x0.transformer.js": "dc14ab72c7b86357a020a5fbc2667002b05184eeb2c29615ac3a059896cba348",
    "https://deno.land/x/neo4j_driver_lite@5.14.0/bolt-connection/bolt/bolt-protocol-v4x1.js": "1f890fe94e78c36848ad772cedc250de0c034af4f0ca1cfd36080424907f7488",
    "https://deno.land/x/neo4j_driver_lite@5.14.0/bolt-connection/bolt/bolt-protocol-v4x1.transformer.js": "0f03060881e4066b10449ff765cb2461da9b4c02ffbd1f3d1eec7659629a0a56",
    "https://deno.land/x/neo4j_driver_lite@5.14.0/bolt-connection/bolt/bolt-protocol-v4x2.js": "2942a94c5d9d37c8d684b27424b4894a9decfac3e3dc920d3c1cd23fae331295",
    "https://deno.land/x/neo4j_driver_lite@5.14.0/bolt-connection/bolt/bolt-protocol-v4x2.transformer.js": "c9c88ce332e409d2a957befc674ab54d22663fa568b80d5f77a943729599eb58",
    "https://deno.land/x/neo4j_driver_lite@5.14.0/bolt-connection/bolt/bolt-protocol-v4x3.js": "32ad5cc82bebef2a787c4f7d1a3f543eb630b04fbc9f5648ac591d7b8d301bee",
    "https://deno.land/x/neo4j_driver_lite@5.14.0/bolt-connection/bolt/bolt-protocol-v4x3.transformer.js": "139935e350c165f3388a38b779f25de5b003cb41d7c67ac3401e32e6ce29fc73",
    "https://deno.land/x/neo4j_driver_lite@5.14.0/bolt-connection/bolt/bolt-protocol-v4x4.js": "250f0d6abf89fcd69c3aa4ea80ea5515078de2a01ff36d5d00df65b838f77b9d",
    "https://deno.land/x/neo4j_driver_lite@5.14.0/bolt-connection/bolt/bolt-protocol-v4x4.transformer.js": "8d943f8fffe6c452a3b4d2d7c9297a9944411db686f4fed283830560266ba12e",
    "https://deno.land/x/neo4j_driver_lite@5.14.0/bolt-connection/bolt/bolt-protocol-v5x0.js": "d8b203d7cce6123379fc4065ad59e4c902ca08101a9390b37e77575c9bffdd4d",
    "https://deno.land/x/neo4j_driver_lite@5.14.0/bolt-connection/bolt/bolt-protocol-v5x0.transformer.js": "7b367dda81ed318744720ffe8ba906faef94453838f2b227490b8f5e74a7a9b7",
    "https://deno.land/x/neo4j_driver_lite@5.14.0/bolt-connection/bolt/bolt-protocol-v5x0.utc.transformer.js": "55661554f6aed578e3d575dc3a3b64acb289459527cd2b2c9658d135555fb6fa",
    "https://deno.land/x/neo4j_driver_lite@5.14.0/bolt-connection/bolt/bolt-protocol-v5x1.js": "7f9fdb9de61d9e1bc17f071cdaae829d02dc1da9622e86eac9f00ab1fb6462c9",
    "https://deno.land/x/neo4j_driver_lite@5.14.0/bolt-connection/bolt/bolt-protocol-v5x1.transformer.js": "28e3347e62a2f439c5c1be63efb6264ad93d7f905437ba7257258e252d69ceb2",
    "https://deno.land/x/neo4j_driver_lite@5.14.0/bolt-connection/bolt/bolt-protocol-v5x2.js": "0c26dae47c232f5895ff7261928b1e7e775c780f926d2c524b247fad9dfd05d9",
    "https://deno.land/x/neo4j_driver_lite@5.14.0/bolt-connection/bolt/bolt-protocol-v5x2.transformer.js": "cb62252dffda82ab1be093bb9750217e01782cfc108c95f1c18214d9404bccaa",
    "https://deno.land/x/neo4j_driver_lite@5.14.0/bolt-connection/bolt/bolt-protocol-v5x3.js": "0e8ccdf46b59ac124bf8bb5b6fe2d1ffe534fa84f0b49bde765132e1d797d981",
    "https://deno.land/x/neo4j_driver_lite@5.14.0/bolt-connection/bolt/bolt-protocol-v5x3.transformer.js": "813ed85e2ca11ac0a06e8c777494edbb9bcb9070a8bd4514a7b30e545421e19a",
    "https://deno.land/x/neo4j_driver_lite@5.14.0/bolt-connection/bolt/bolt-protocol-v5x4.js": "81640c1dcdfed5616516470468e81d74f04513b99abe02dfbdbbd3b310d745cd",
    "https://deno.land/x/neo4j_driver_lite@5.14.0/bolt-connection/bolt/bolt-protocol-v5x4.transformer.js": "3cd2c3744ffab9432235e1083180a00cb75ffa2e14a16a143aa0e4319ced0455",
    "https://deno.land/x/neo4j_driver_lite@5.14.0/bolt-connection/bolt/create.js": "f75c24a77065750a0c728a3e1fc35ff7d89ec7b15bb0a8985c73277b61106f7e",
    "https://deno.land/x/neo4j_driver_lite@5.14.0/bolt-connection/bolt/handshake.js": "a117f5ee6996e8631bd71659b3975c0f54100c5b59cb31ff81d52217769ad4c2",
    "https://deno.land/x/neo4j_driver_lite@5.14.0/bolt-connection/bolt/index.js": "623077c38eaa563baeef98fdb5a339a3c13ac9b2246f5d07246e6ce2c8a8bf17",
    "https://deno.land/x/neo4j_driver_lite@5.14.0/bolt-connection/bolt/request-message.js": "b4c482e3f609690424e07b2470c7e431d55d6b67c80a4c0f9aa40aff9fbe6d97",
    "https://deno.land/x/neo4j_driver_lite@5.14.0/bolt-connection/bolt/response-handler.js": "5d9ecb481d86a9a30d28f0cbcd023e367eaa76755e9c738b3f55462005c4684b",
    "https://deno.land/x/neo4j_driver_lite@5.14.0/bolt-connection/bolt/routing-table-raw.js": "04170464143eecbef87724009003aedae06f5e5dad5a5b06894754a80f58a46d",
    "https://deno.land/x/neo4j_driver_lite@5.14.0/bolt-connection/bolt/stream-observers.js": "b02b3b7ca5aff459e8c3f4376d208757f2e2572b6b451c4b2a6472d50dae86bb",
    "https://deno.land/x/neo4j_driver_lite@5.14.0/bolt-connection/bolt/temporal-factory.js": "edc8bcb34f5fdef74136748e717499310cac9d36919082a3cfb4adc976e6a528",
    "https://deno.land/x/neo4j_driver_lite@5.14.0/bolt-connection/bolt/transformer.js": "37ab72a3fb72ca198de0ddd130ce6384f64f8dad5d7cbff813b76741eb3a6625",
    "https://deno.land/x/neo4j_driver_lite@5.14.0/bolt-connection/buf/base-buf.js": "5b6f7ce7f0491cb60ed8c9b1eb3c9cb50f28f53b5281481daa378f9b79894080",
    "https://deno.land/x/neo4j_driver_lite@5.14.0/bolt-connection/buf/index.js": "c8b33c6bdba4acfc8b08dfb643e0f98e8df1589b09b8531375a12d786b1b47c1",
    "https://deno.land/x/neo4j_driver_lite@5.14.0/bolt-connection/channel/channel-buf.js": "d550ac5e3b5cf91e0e1fd777a97f4e731b9d268a67b47f6f37d0e18eb6227978",
    "https://deno.land/x/neo4j_driver_lite@5.14.0/bolt-connection/channel/channel-config.js": "d33e89cacdc9db2e166a7e14cc01b1cb73d25e55af8a96172984e6e83a58a292",
    "https://deno.land/x/neo4j_driver_lite@5.14.0/bolt-connection/channel/chunking.js": "d14df2b693c6cf37fbbff3415b05a7f7f84cb21e7db43a758daae7cc0b4426fb",
    "https://deno.land/x/neo4j_driver_lite@5.14.0/bolt-connection/channel/combined-buf.js": "dfb4fd604fc76ef56f7aca3377b5228c063d65c4a03d8aa4fd11a87ab826e333",
    "https://deno.land/x/neo4j_driver_lite@5.14.0/bolt-connection/channel/deno/deno-channel.js": "ba5d5fd13a59a06d25e1e6570243704529eea79b447edfb33b89e027eee31ba5",
    "https://deno.land/x/neo4j_driver_lite@5.14.0/bolt-connection/channel/deno/deno-host-name-resolver.js": "20743117db2b908db42c8867d8d8c5977259dadc318b8ff3b84e4d6a30bbf19f",
    "https://deno.land/x/neo4j_driver_lite@5.14.0/bolt-connection/channel/deno/index.js": "7102cd1a98ed8b0372da9b277eea81e19bc7892f1d6571e9bf18cb54ad3bcc85",
    "https://deno.land/x/neo4j_driver_lite@5.14.0/bolt-connection/channel/index.js": "d72f5715b2bf38fd8668cfb98d1caa2dba1a553967b913e3a818c5b6c5bd2d4a",
    "https://deno.land/x/neo4j_driver_lite@5.14.0/bolt-connection/channel/utf8.js": "25568caf626596ef2629352edacae91b33518defd0f5c524635b0f93b4e26f16",
    "https://deno.land/x/neo4j_driver_lite@5.14.0/bolt-connection/connection-provider/authentication-provider.js": "4bf859617a9dee89d27c724d93e2279aa166a4e2ebf051472f8d55e874428799",
    "https://deno.land/x/neo4j_driver_lite@5.14.0/bolt-connection/connection-provider/connection-provider-direct.js": "289f04356438d732c976df0b315cfded8d601692f45517be5ea9de6419af0771",
    "https://deno.land/x/neo4j_driver_lite@5.14.0/bolt-connection/connection-provider/connection-provider-pooled.js": "23ca95db970b3b762ca533fc0a4146e812b656778a71843c51af9b0dfbcca730",
    "https://deno.land/x/neo4j_driver_lite@5.14.0/bolt-connection/connection-provider/connection-provider-routing.js": "432f8aedf312f4439d953a88c6466f5bc44f4f7fb2bad86b334cab508397dd78",
    "https://deno.land/x/neo4j_driver_lite@5.14.0/bolt-connection/connection-provider/connection-provider-single.js": "678de65ad1738f975b945b979a1ff3fb982d3d2c1027da965e3e8e384472591c",
    "https://deno.land/x/neo4j_driver_lite@5.14.0/bolt-connection/connection-provider/index.js": "db4be571df9860cd1c1faed15fb290546d8df470145c294e6ba5837a950cbe41",
    "https://deno.land/x/neo4j_driver_lite@5.14.0/bolt-connection/connection/connection-channel.js": "61b289abfbea0c6f1ad890e33f40c36c2c50b48d5a3f2d676ed333d9d99fa532",
    "https://deno.land/x/neo4j_driver_lite@5.14.0/bolt-connection/connection/connection-delegate.js": "5deb186775a2ab6f4ad6262c1d11ceda7e1ff81966e1016f82aa54400292fb05",
    "https://deno.land/x/neo4j_driver_lite@5.14.0/bolt-connection/connection/connection-error-handler.js": "06971cf6d1cac24990225ff25ddbff1f2b3cbdd751c0c3f9bbde2cfc0cdcb501",
    "https://deno.land/x/neo4j_driver_lite@5.14.0/bolt-connection/connection/connection.js": "c8179596783897ef05182242e8985e5271723cf006c7fdd86a59d38726165c1c",
    "https://deno.land/x/neo4j_driver_lite@5.14.0/bolt-connection/connection/index.js": "b27db34c1ac3a42437d422c0eae5debc09657de5a20485d2f99156d49dce13a7",
    "https://deno.land/x/neo4j_driver_lite@5.14.0/bolt-connection/index.js": "ad963f40c9160e984ca68b3a7da6c58f2d5095d0e659be98b04bcefbe2f93037",
    "https://deno.land/x/neo4j_driver_lite@5.14.0/bolt-connection/lang/functional.js": "8ab7497ea103ba5549ca047a07da48f860d777d9694aa15ef2dfc31116112633",
    "https://deno.land/x/neo4j_driver_lite@5.14.0/bolt-connection/lang/index.js": "2d804138f51aaa5b981392a5dcd4f2b7b02cf0518f1df24a2b02c671c4a91ceb",
    "https://deno.land/x/neo4j_driver_lite@5.14.0/bolt-connection/lang/object.js": "29d33b09535a7478a78b9f2802bf768d80431fcd72d89efdf57140d34021ea5e",
    "https://deno.land/x/neo4j_driver_lite@5.14.0/bolt-connection/load-balancing/index.js": "e0f72859e6ff5d45ffba9a958e81f2a6e4646083bda3281c4337228b3a1ffaa9",
    "https://deno.land/x/neo4j_driver_lite@5.14.0/bolt-connection/load-balancing/least-connected-load-balancing-strategy.js": "3de87d1026228d39b169f478a2c0bd77a29534f766d5acedfe880379f61f9d81",
    "https://deno.land/x/neo4j_driver_lite@5.14.0/bolt-connection/load-balancing/load-balancing-strategy.js": "479357771c172f8c9e379f53a7c20f66a9a28c4975b5515dcf92cae7fcbdbd2a",
    "https://deno.land/x/neo4j_driver_lite@5.14.0/bolt-connection/load-balancing/round-robin-array-index.js": "f6bef687f47ca81ea3247121fbc8430719ea79c4ae54ea9f4ed0f33430b22592",
    "https://deno.land/x/neo4j_driver_lite@5.14.0/bolt-connection/packstream/index.js": "908c37c4e0f685998f511a923d610008416cb3f9225b88167dcee62a838c55f8",
    "https://deno.land/x/neo4j_driver_lite@5.14.0/bolt-connection/packstream/packstream-v1.js": "443308565028f9694fc990a21635727cecfc900670f43f88bf44aa4d13c4a110",
    "https://deno.land/x/neo4j_driver_lite@5.14.0/bolt-connection/packstream/packstream-v2.js": "8b1e45e645ec3b59f508ef1a617f4290775da90b479516c6db3d350a76178f6d",
    "https://deno.land/x/neo4j_driver_lite@5.14.0/bolt-connection/packstream/structure.js": "8fa8c4ab18aaead466cbdadf094674d48141387778abc7392fe55000727ec86d",
    "https://deno.land/x/neo4j_driver_lite@5.14.0/bolt-connection/pool/index.js": "0b17c362a8c28f1042cc14fab6a1a7bb8f63e0db6095c06cd0d4fda82e2bf9c8",
    "https://deno.land/x/neo4j_driver_lite@5.14.0/bolt-connection/pool/pool-config.js": "3e142fd2ddb8457a998ad8394233e52cf1de66df7ac4dc598321f067c3a78be8",
    "https://deno.land/x/neo4j_driver_lite@5.14.0/bolt-connection/pool/pool.js": "7f854e79d2d4f2e407a5f7f95824030d4cfa217c5b4f4f40e80c9f44b74c44f7",
    "https://deno.land/x/neo4j_driver_lite@5.14.0/bolt-connection/rediscovery/index.js": "6e1dac7648ce4ef13ea4cd37d4a5612031471ade7bf6292b72c4fb4e806bce47",
    "https://deno.land/x/neo4j_driver_lite@5.14.0/bolt-connection/rediscovery/rediscovery.js": "58e5ac1296890c485b6ee04237defa0a9be578e4fe748a528c838f0e5a0e1c64",
    "https://deno.land/x/neo4j_driver_lite@5.14.0/bolt-connection/rediscovery/routing-table.js": "38d071e04877b8a136bb1173991d15c2020a701febaf5670797e3364aeeb9fac",
    "https://deno.land/x/neo4j_driver_lite@5.14.0/core/auth-token-manager.ts": "aeb7d65193665d458024118ac8624abaa843aed25908759b0b986f8504514435",
    "https://deno.land/x/neo4j_driver_lite@5.14.0/core/auth.ts": "c8fa4a0499e809acb9277ba53eed6a01e15c84c32260d28528aefc0aeec7666c",
    "https://deno.land/x/neo4j_driver_lite@5.14.0/core/bookmark-manager.ts": "5e58e7dae572bdba788e0b99287d29412840be76c55578a0c5c648ee0073a97a",
    "https://deno.land/x/neo4j_driver_lite@5.14.0/core/connection-provider.ts": "e9f559b87da83f621db62cc3e9ae62fffd2fc43982c71b8e4b67dae7cfa6fd28",
    "https://deno.land/x/neo4j_driver_lite@5.14.0/core/connection.ts": "896a98fb6a4a7625780f1ee2344bd05e7b6f85927c61b087e0b072853703c52a",
    "https://deno.land/x/neo4j_driver_lite@5.14.0/core/driver.ts": "ca2341be634a22a17397be8866372e271cb95c3154338baf429f57e8371bb09e",
    "https://deno.land/x/neo4j_driver_lite@5.14.0/core/error.ts": "9479c4e8b495e05ff268d5381a57e2068a7c1ee19bbfcd4afbc9bf43cba207f2",
    "https://deno.land/x/neo4j_driver_lite@5.14.0/core/graph-types.ts": "50a70c6d556530e8dc3db5453859878eb61d67bb3783ded65ffe467f80ad802a",
    "https://deno.land/x/neo4j_driver_lite@5.14.0/core/index.ts": "cc98378acb64f12c589a733df72a5bcce7d0bfdcc6eaeee63a2a3e5fc0174be6",
    "https://deno.land/x/neo4j_driver_lite@5.14.0/core/integer.ts": "54992526cdfaa274514d503e29fb86192592997a11a3165e0671f013c30ad8ad",
    "https://deno.land/x/neo4j_driver_lite@5.14.0/core/internal/bolt-agent/deno/bolt-agent.ts": "dd3fb4cdeaa507f5f7d034965d70ddbd299d05bd1440c8aa4ef39724c48d3a9c",
    "https://deno.land/x/neo4j_driver_lite@5.14.0/core/internal/bolt-agent/deno/index.ts": "9d07a07710808e9afc8504fabf484ed6decbf08bef72a838cf634e55ffed2785",
    "https://deno.land/x/neo4j_driver_lite@5.14.0/core/internal/bolt-agent/index.ts": "f06138e88ab3937e41b79ef869d184b848e275252d6307c72384a827d40926e4",
    "https://deno.land/x/neo4j_driver_lite@5.14.0/core/internal/bookmarks.ts": "1cee4d9e8c8db3657ad572693eaa087c034eb981a78c4e1a7b9a32d1ab76c30d",
    "https://deno.land/x/neo4j_driver_lite@5.14.0/core/internal/connection-holder.ts": "988bf03cdd8194d8bfdf04f45bb68383aeeb4eceac14ba2fd462b5ce742a98b6",
    "https://deno.land/x/neo4j_driver_lite@5.14.0/core/internal/constants.ts": "622525c319027da3c5e3553c0e81b6b2d43525cbb4107a044d3c6d1b5cd7764c",
    "https://deno.land/x/neo4j_driver_lite@5.14.0/core/internal/index.ts": "02bc410998f59161020bb8f6752e7fa518ad04dd363756b46781cbf46fe103e1",
    "https://deno.land/x/neo4j_driver_lite@5.14.0/core/internal/logger.ts": "71569ea75a3020ba5af71898a898fb50a1c9b4d98fbc57cb24a27124239b3d25",
    "https://deno.land/x/neo4j_driver_lite@5.14.0/core/internal/object-util.ts": "ea99a4bfad3e14de34eaef1864befb4adfdf9dc50c41a11b2193a227d9ce9e1c",
    "https://deno.land/x/neo4j_driver_lite@5.14.0/core/internal/observers.ts": "0d55405dd01296d42e5fb0559d5c630a15e4c7c81628fd7d29e11f261bf669ac",
    "https://deno.land/x/neo4j_driver_lite@5.14.0/core/internal/query-executor.ts": "1da55a8af116e1bea00dd0208247c126f5e4c13dda1eeb7d2a0e687149c8bb4b",
    "https://deno.land/x/neo4j_driver_lite@5.14.0/core/internal/resolver/base-host-name-resolver.ts": "5d2cb09833afea332eed1b81c42f759485fc840b4aff766261ab268bd97ff6ef",
    "https://deno.land/x/neo4j_driver_lite@5.14.0/core/internal/resolver/configured-custom-resolver.ts": "801a72c1bd7d1e28e46ccd3e0759dbd039a201b55c64090268d55d4bc0972a1a",
    "https://deno.land/x/neo4j_driver_lite@5.14.0/core/internal/resolver/index.ts": "df84e195090ae17eb0af7ab8020ecd78068fab8abf635b93e15bba7769c48e00",
    "https://deno.land/x/neo4j_driver_lite@5.14.0/core/internal/server-address.ts": "a4c68ae9ba77531435b81e02000b7358979022412caa7a8a2feaa64b3f15134a",
    "https://deno.land/x/neo4j_driver_lite@5.14.0/core/internal/temporal-util.ts": "bf4bca01034487bbbf8caeff0c96b6aef275cdbaf7df8a64dbc73237374509ed",
    "https://deno.land/x/neo4j_driver_lite@5.14.0/core/internal/transaction-executor.ts": "348e47a1328de12541d8266f7caa0f2746aa3e14dd6aa4a9ee746ef30fcc748b",
    "https://deno.land/x/neo4j_driver_lite@5.14.0/core/internal/tx-config.ts": "d0e5cbb77456bbda941cfdc0b926fca14087909c121ccdf47bf683a4be1e2f0a",
    "https://deno.land/x/neo4j_driver_lite@5.14.0/core/internal/url-util.ts": "5755fd35a238278ebc128e82289eda7678116d39f58cfbac74f468578ae58072",
    "https://deno.land/x/neo4j_driver_lite@5.14.0/core/internal/util.ts": "1a5f75794935e77560a7854adfafa2c1b34a577fc90bff954a1aec7144f79932",
    "https://deno.land/x/neo4j_driver_lite@5.14.0/core/json.ts": "7091acc6f25540f41fffc029a088804f61826ba3499cfa8e44f1f8e2aecf29ba",
    "https://deno.land/x/neo4j_driver_lite@5.14.0/core/notification-filter.ts": "ddf56089689ee3b4cd20afc71c561cbe1a7a5bf30ffc64fa486dc7507fbb0def",
    "https://deno.land/x/neo4j_driver_lite@5.14.0/core/record.ts": "6e5de1fcd7bdd0e3c32972a81c036b0c8e6e2491219a97c31f1a950aa8745b2d",
    "https://deno.land/x/neo4j_driver_lite@5.14.0/core/result-eager.ts": "42ab50b9ff07b300a74856fa190428c9429ac959e3e4f732000cf5051460a6ba",
    "https://deno.land/x/neo4j_driver_lite@5.14.0/core/result-summary.ts": "af6c4024539ab9b273eaf024ffc988241b025b99796f25964cb29f0c9eea6653",
    "https://deno.land/x/neo4j_driver_lite@5.14.0/core/result-transformers.ts": "1551d1058cc3f52a9fa6efb3a6ca3ba05ecdb642adcb322afdc57b137554c5b4",
    "https://deno.land/x/neo4j_driver_lite@5.14.0/core/result.ts": "ff1e250c7c4b96fc8c2932dd03299369e958e93007cea3eaed2e01acc1c2001b",
    "https://deno.land/x/neo4j_driver_lite@5.14.0/core/session.ts": "d787dbb57807b03c5f9644a6d68d8afda71872e48075504ed629692350484cf8",
    "https://deno.land/x/neo4j_driver_lite@5.14.0/core/spatial-types.ts": "315d894babd0bb00b63089b03b09b12c2f62496dbaad81dc903f39af5c4d9324",
    "https://deno.land/x/neo4j_driver_lite@5.14.0/core/temporal-types.ts": "f727c079bef37ef11dd33e8d6efdceb5b68c3690b87b14a9cdc92751310a627d",
    "https://deno.land/x/neo4j_driver_lite@5.14.0/core/transaction-managed.ts": "3d9d5c30b1b7c7559fa4fa773369d2a035749b97436dc2aad22457a3f62876a2",
    "https://deno.land/x/neo4j_driver_lite@5.14.0/core/transaction-promise.ts": "3723125dce9e56aa17299a3f4287f28e7105a53b6896f0ef6b51d3f1a6d41f71",
    "https://deno.land/x/neo4j_driver_lite@5.14.0/core/transaction.ts": "b888f9120b2db00b9da55ddc2091d25843f073acc01a457b3381bb5367c027d4",
    "https://deno.land/x/neo4j_driver_lite@5.14.0/core/types.ts": "0a6cfa04c5ac9c8e3dc20fe936427b2887547c84f7bbce2d984224130f36d277",
    "https://deno.land/x/neo4j_driver_lite@5.14.0/logging.ts": "66d1f9eab651da3759b8cb9b46506edcb1610bb25e379a733045f7c28d41ff50",
    "https://deno.land/x/neo4j_driver_lite@5.14.0/mod.ts": "06c520fbdd98ab9f20868422335434d06a048845869cc42d2a42212b019b6cc9",
    "https://deno.land/x/neo4j_driver_lite@5.14.0/version.ts": "bae8093f7f815e45dd56959bf539001fe3d9d6daa1486432908f71b65294842e"
  }
}
